# THIS IS AN AUTOGENERATED FILE. DO NOT EDIT THIS FILE DIRECTLY.
# yarn lockfile v1


flow-bin@^0.123.0:
  version "0.123.0"
  resolved "https://registry.yarnpkg.com/flow-bin/-/flow-bin-0.123.0.tgz#7ba61a0b8775928cf4943ccf78eed2b1b05f7b3a"
  integrity sha512-Ylcf8YDIM/KrqtxkPuq+f8O+6sdYA2Nuz5f+sWHlp539DatZz3YMcsO1EiXaf1C11HJgpT/3YGYe7xZ9/UZmvQ==
